// !$*UTF8*$!
{
	archiveVersion = 1;
	classes = {
	};
	objectVersion = 50;
	objects = {

/* Begin PBXBuildFile section */
		6B292164219E19390078EE5F /* AppDelegate.swift in Sources */ = {isa = PBXBuildFile; fileRef = 6B292163219E19390078EE5F /* AppDelegate.swift */; };
		6B292166219E19390078EE5F /* ViewController.swift in Sources */ = {isa = PBXBuildFile; fileRef = 6B292165219E19390078EE5F /* ViewController.swift */; };
		6B292169219E19390078EE5F /* Main.storyboard in Resources */ = {isa = PBXBuildFile; fileRef = 6B292167219E19390078EE5F /* Main.storyboard */; };
		6B29216C219E19390078EE5F /* phidgetsRepeat.xcdatamodeld in Sources */ = {isa = PBXBuildFile; fileRef = 6B29216A219E19390078EE5F /* phidgetsRepeat.xcdatamodeld */; };
		6B29216E219E193A0078EE5F /* Assets.xcassets in Resources */ = {isa = PBXBuildFile; fileRef = 6B29216D219E193A0078EE5F /* Assets.xcassets */; };
		6B292171219E193A0078EE5F /* LaunchScreen.storyboard in Resources */ = {isa = PBXBuildFile; fileRef = 6B29216F219E193A0078EE5F /* LaunchScreen.storyboard */; };
		9527E2820AE1B90E941A3357 /* Pods_phidgetsRepeat.framework in Frameworks */ = {isa = PBXBuildFile; fileRef = 8D952DC329C4FEFDC83F88E2 /* Pods_phidgetsRepeat.framework */; };
/* End PBXBuildFile section */

/* Begin PBXFileReference section */
		38D096A64EF26C9C391AED09 /* Pods-phidgetsRepeat.release.xcconfig */ = {isa = PBXFileReference; includeInIndex = 1; lastKnownFileType = text.xcconfig; name = "Pods-phidgetsRepeat.release.xcconfig"; path = "Pods/Target Support Files/Pods-phidgetsRepeat/Pods-phidgetsRepeat.release.xcconfig"; sourceTree = "<group>"; };
		5D56638F146FB1A09BF13CEE /* Pods-phidgetsRepeat.debug.xcconfig */ = {isa = PBXFileReference; includeInIndex = 1; lastKnownFileType = text.xcconfig; name = "Pods-phidgetsRepeat.debug.xcconfig"; path = "Pods/Target Support Files/Pods-phidgetsRepeat/Pods-phidgetsRepeat.debug.xcconfig"; sourceTree = "<group>"; };
		6B292160219E19390078EE5F /* phidgetsRepeat.app */ = {isa = PBXFileReference; explicitFileType = wrapper.application; includeInIndex = 0; path = phidgetsRepeat.app; sourceTree = BUILT_PRODUCTS_DIR; };
		6B292163219E19390078EE5F /* AppDelegate.swift */ = {isa = PBXFileReference; lastKnownFileType = sourcecode.swift; path = AppDelegate.swift; sourceTree = "<group>"; };
		6B292165219E19390078EE5F /* ViewController.swift */ = {isa = PBXFileReference; lastKnownFileType = sourcecode.swift; path = ViewController.swift; sourceTree = "<group>"; };
		6B292168219E19390078EE5F /* Base */ = {isa = PBXFileReference; lastKnownFileType = file.storyboard; name = Base; path = Base.lproj/Main.storyboard; sourceTree = "<group>"; };
		6B29216B219E19390078EE5F /* phidgetsRepeat.xcdatamodel */ = {isa = PBXFileReference; lastKnownFileType = wrapper.xcdatamodel; path = phidgetsRepeat.xcdatamodel; sourceTree = "<group>"; };
		6B29216D219E193A0078EE5F /* Assets.xcassets */ = {isa = PBXFileReference; lastKnownFileType = folder.assetcatalog; path = Assets.xcassets; sourceTree = "<group>"; };
		6B292170219E193A0078EE5F /* Base */ = {isa = PBXFileReference; lastKnownFileType = file.storyboard; name = Base; path = Base.lproj/LaunchScreen.storyboard; sourceTree = "<group>"; };
		6B292172219E193A0078EE5F /* Info.plist */ = {isa = PBXFileReference; lastKnownFileType = text.plist.xml; path = Info.plist; sourceTree = "<group>"; };
		8D952DC329C4FEFDC83F88E2 /* Pods_phidgetsRepeat.framework */ = {isa = PBXFileReference; explicitFileType = wrapper.framework; includeInIndex = 0; path = Pods_phidgetsRepeat.framework; sourceTree = BUILT_PRODUCTS_DIR; };
/* End PBXFileReference section */

/* Begin PBXFrameworksBuildPhase section */
		6B29215D219E19390078EE5F /* Frameworks */ = {
			isa = PBXFrameworksBuildPhase;
			buildActionMask = 2147483647;
			files = (
				9527E2820AE1B90E941A3357 /* Pods_phidgetsRepeat.framework in Frameworks */,
			);
			runOnlyForDeploymentPostprocessing = 0;
		};
/* End PBXFrameworksBuildPhase section */

/* Begin PBXGroup section */
		3B915027F5AFBD2A224A2426 /* Frameworks */ = {
			isa = PBXGroup;
			children = (
				8D952DC329C4FEFDC83F88E2 /* Pods_phidgetsRepeat.framework */,
			);
			name = Frameworks;
			sourceTree = "<group>";
		};
		6B292157219E19390078EE5F = {
			isa = PBXGroup;
			children = (
				6B292162219E19390078EE5F /* phidgetsRepeat */,
				6B292161219E19390078EE5F /* Products */,
				FE2E48278E15746B59457E8E /* Pods */,
				3B915027F5AFBD2A224A2426 /* Frameworks */,
			);
			sourceTree = "<group>";
		};
		6B292161219E19390078EE5F /* Products */ = {
			isa = PBXGroup;
			children = (
				6B292160219E19390078EE5F /* phidgetsRepeat.app */,
			);
			name = Products;
			sourceTree = "<group>";
		};
		6B292162219E19390078EE5F /* phidgetsRepeat */ = {
			isa = PBXGroup;
			children = (
				6B292163219E19390078EE5F /* AppDelegate.swift */,
				6B292165219E19390078EE5F /* ViewController.swift */,
				6B292167219E19390078EE5F /* Main.storyboard */,
				6B29216D219E193A0078EE5F /* Assets.xcassets */,
				6B29216F219E193A0078EE5F /* LaunchScreen.storyboard */,
				6B292172219E193A0078EE5F /* Info.plist */,
				6B29216A219E19390078EE5F /* phidgetsRepeat.xcdatamodeld */,
			);
			path = phidgetsRepeat;
			sourceTree = "<group>";
		};
		FE2E48278E15746B59457E8E /* Pods */ = {
			isa = PBXGroup;
			children = (
				5D56638F146FB1A09BF13CEE /* Pods-phidgetsRepeat.debug.xcconfig */,
				38D096A64EF26C9C391AED09 /* Pods-phidgetsRepeat.release.xcconfig */,
			);
			name = Pods;
			sourceTree = "<group>";
		};
/* End PBXGroup section */

/* Begin PBXNativeTarget section */
		6B29215F219E19390078EE5F /* phidgetsRepeat */ = {
			isa = PBXNativeTarget;
			buildConfigurationList = 6B292175219E193A0078EE5F /* Build configuration list for PBXNativeTarget "phidgetsRepeat" */;
			buildPhases = (
				4D4150817A2997F9A810B780 /* [CP] Check Pods Manifest.lock */,
				6B29215C219E19390078EE5F /* Sources */,
				6B29215D219E19390078EE5F /* Frameworks */,
				6B29215E219E19390078EE5F /* Resources */,
				4AFF610F88755D45BBB3DAB8 /* [CP] Embed Pods Frameworks */,
			);
			buildRules = (
			);
			dependencies = (
			);
			name = phidgetsRepeat;
			productName = phidgetsRepeat;
			productReference = 6B292160219E19390078EE5F /* phidgetsRepeat.app */;
			productType = "com.apple.product-type.application";
		};
/* End PBXNativeTarget section */

/* Begin PBXProject section */
		6B292158219E19390078EE5F /* Project object */ = {
			isa = PBXProject;
			attributes = {
				LastSwiftUpdateCheck = 1000;
				LastUpgradeCheck = 1000;
				ORGANIZATIONNAME = "Lovet Nguatem";
				TargetAttributes = {
					6B29215F219E19390078EE5F = {
						CreatedOnToolsVersion = 10.0;
					};
				};
			};
			buildConfigurationList = 6B29215B219E19390078EE5F /* Build configuration list for PBXProject "phidgetsRepeat" */;
			compatibilityVersion = "Xcode 9.3";
			developmentRegion = en;
			hasScannedForEncodings = 0;
			knownRegions = (
				en,
				Base,
			);
			mainGroup = 6B292157219E19390078EE5F;
			productRefGroup = 6B292161219E19390078EE5F /* Products */;
			projectDirPath = "";
			projectRoot = "";
			targets = (
				6B29215F219E19390078EE5F /* phidgetsRepeat */,
			);
		};
/* End PBXProject section */

/* Begin PBXResourcesBuildPhase section */
		6B29215E219E19390078EE5F /* Resources */ = {
			isa = PBXResourcesBuildPhase;
			buildActionMask = 2147483647;
			files = (
				6B292171219E193A0078EE5F /* LaunchScreen.storyboard in Resources */,
				6B29216E219E193A0078EE5F /* Assets.xcassets in Resources */,
				6B292169219E19390078EE5F /* Main.storyboard in Resources */,
			);
			runOnlyForDeploymentPostprocessing = 0;
		};
/* End PBXResourcesBuildPhase section */

/* Begin PBXShellScriptBuildPhase section */
		4AFF610F88755D45BBB3DAB8 /* [CP] Embed Pods Frameworks */ = {
			isa = PBXShellScriptBuildPhase;
			buildActionMask = 2147483647;
			files = (
			);
			inputFileListPaths = (
			);
			inputPaths = (
				"${SRCROOT}/Pods/Target Support Files/Pods-phidgetsRepeat/Pods-phidgetsRepeat-frameworks.sh",
				"${BUILT_PRODUCTS_DIR}/Phidget22Swift/Phidget22Swift.framework",
			);
			name = "[CP] Embed Pods Frameworks";
			outputFileListPaths = (
			);
			outputPaths = (
				"${TARGET_BUILD_DIR}/${FRAMEWORKS_FOLDER_PATH}/Phidget22Swift.framework",
			);
			runOnlyForDeploymentPostprocessing = 0;
			shellPath = /bin/sh;
			shellScript = "\"${SRCROOT}/Pods/Target Support Files/Pods-phidgetsRepeat/Pods-phidgetsRepeat-frameworks.sh\"\n";
			showEnvVarsInLog = 0;
		};
		4D4150817A2997F9A810B780 /* [CP] Check Pods Manifest.lock */ = {
			isa = PBXShellScriptBuildPhase;
			buildActionMask = 2147483647;
			files = (
			);
			inputFileListPaths = (
			);
			inputPaths = (
				"${PODS_PODFILE_DIR_PATH}/Podfile.lock",
				"${PODS_ROOT}/Manifest.lock",
			);
			name = "[CP] Check Pods Manifest.lock";
			outputFileListPaths = (
			);
			outputPaths = (
				"$(DERIVED_FILE_DIR)/Pods-phidgetsRepeat-checkManifestLockResult.txt",
			);
			runOnlyForDeploymentPostprocessing = 0;
			shellPath = /bin/sh;
			shellScript = "diff \"${PODS_PODFILE_DIR_PATH}/Podfile.lock\" \"${PODS_ROOT}/Manifest.lock\" > /dev/null\nif [ $? != 0 ] ; then\n    # print error to STDERR\n    echo \"error: The sandbox is not in sync with the Podfile.lock. Run 'pod install' or update your CocoaPods installation.\" >&2\n    exit 1\nfi\n# This output is used by Xcode 'outputs' to avoid re-running this script phase.\necho \"SUCCESS\" > \"${SCRIPT_OUTPUT_FILE_0}\"\n";
			showEnvVarsInLog = 0;
		};
/* End PBXShellScriptBuildPhase section */

/* Begin PBXSourcesBuildPhase section */
		6B29215C219E19390078EE5F /* Sources */ = {
			isa = PBXSourcesBuildPhase;
			buildActionMask = 2147483647;
			files = (
				6B292166219E19390078EE5F /* ViewController.swift in Sources */,
				6B29216C219E19390078EE5F /* phidgetsRepeat.xcdatamodeld in Sources */,
				6B292164219E19390078EE5F /* AppDelegate.swift in Sources */,
			);
			runOnlyForDeploymentPostprocessing = 0;
		};
/* End PBXSourcesBuildPhase section */

/* Begin PBXVariantGroup section */
		6B292167219E19390078EE5F /* Main.storyboard */ = {
			isa = PBXVariantGroup;
			children = (
				6B292168219E19390078EE5F /* Base */,
			);
			name = Main.storyboard;
			sourceTree = "<group>";
		};
		6B29216F219E193A0078EE5F /* LaunchScreen.storyboard */ = {
			isa = PBXVariantGroup;
			children = (
				6B292170219E193A0078EE5F /* Base */,
			);
			name = LaunchScreen.storyboard;
			sourceTree = "<group>";
		};
/* End PBXVariantGroup section */

/* Begin XCBuildConfiguration section */
		6B292173219E193A0078EE5F /* Debug */ = {
			isa = XCBuildConfiguration;
			buildSettings = {
				ALWAYS_SEARCH_USER_PATHS = NO;
				CLANG_ANALYZER_NONNULL = YES;
				CLANG_ANALYZER_NUMBER_OBJECT_CONVERSION = YES_AGGRESSIVE;
				CLANG_CXX_LANGUAGE_STANDARD = "gnu++14";
				CLANG_CXX_LIBRARY = "libc++";
				CLANG_ENABLE_MODULES = YES;
				CLANG_ENABLE_OBJC_ARC = YES;
				CLANG_ENABLE_OBJC_WEAK = YES;
				CLANG_WARN_BLOCK_CAPTURE_AUTORELEASING = YES;
				CLANG_WARN_BOOL_CONVERSION = YES;
				CLANG_WARN_COMMA = YES;
				CLANG_WARN_CONSTANT_CONVERSION = YES;
				CLANG_WARN_DEPRECATED_OBJC_IMPLEMENTATIONS = YES;
				CLANG_WARN_DIRECT_OBJC_ISA_USAGE = YES_ERROR;
				CLANG_WARN_DOCUMENTATION_COMMENTS = YES;
				CLANG_WARN_EMPTY_BODY = YES;
				CLANG_WARN_ENUM_CONVERSION = YES;
				CLANG_WARN_INFINITE_RECURSION = YES;
				CLANG_WARN_INT_CONVERSION = YES;
				CLANG_WARN_NON_LITERAL_NULL_CONVERSION = YES;
				CLANG_WARN_OBJC_IMPLICIT_RETAIN_SELF = YES;
				CLANG_WARN_OBJC_LITERAL_CONVERSION = YES;
				CLANG_WARN_OBJC_ROOT_CLASS = YES_ERROR;
				CLANG_WARN_RANGE_LOOP_ANALYSIS = YES;
				CLANG_WARN_STRICT_PROTOTYPES = YES;
				CLANG_WARN_SUSPICIOUS_MOVE = YES;
				CLANG_WARN_UNGUARDED_AVAILABILITY = YES_AGGRESSIVE;
				CLANG_WARN_UNREACHABLE_CODE = YES;
				CLANG_WARN__DUPLICATE_METHOD_MATCH = YES;
				CODE_SIGN_IDENTITY = "iPhone Developer";
				COPY_PHASE_STRIP = NO;
				DEBUG_INFORMATION_FORMAT = dwarf;
				ENABLE_STRICT_OBJC_MSGSEND = YES;
				ENABLE_TESTABILITY = YES;
				GCC_C_LANGUAGE_STANDARD = gnu11;
				GCC_DYNAMIC_NO_PIC = NO;
				GCC_NO_COMMON_BLOCKS = YES;
				GCC_OPTIMIZATION_LEVEL = 0;
				GCC_PREPROCESSOR_DEFINITIONS = (
					"DEBUG=1",
					"$(inherited)",
				);
				GCC_WARN_64_TO_32_BIT_CONVERSION = YES;
				GCC_WARN_ABOUT_RETURN_TYPE = YES_ERROR;
				GCC_WARN_UNDECLARED_SELECTOR = YES;
				GCC_WARN_UNINITIALIZED_AUTOS = YES_AGGRESSIVE;
				GCC_WARN_UNUSED_FUNCTION = YES;
				GCC_WARN_UNUSED_VARIABLE = YES;
				IPHONEOS_DEPLOYMENT_TARGET = 12.0;
				MTL_ENABLE_DEBUG_INFO = INCLUDE_SOURCE;
				MTL_FAST_MATH = YES;
				ONLY_ACTIVE_ARCH = YES;
				SDKROOT = iphoneos;
				SWIFT_ACTIVE_COMPILATION_CONDITIONS = DEBUG;
				SWIFT_OPTIMIZATION_LEVEL = "-Onone";
			};
			name = Debug;
		};
		6B292174219E193A0078EE5F /* Release */ = {
			isa = XCBuildConfiguration;
			buildSettings = {
				ALWAYS_SEARCH_USER_PATHS = NO;
				CLANG_ANALYZER_NONNULL = YES;
				CLANG_ANALYZER_NUMBER_OBJECT_CONVERSION = YES_AGGRESSIVE;
				CLANG_CXX_LANGUAGE_STANDARD = "gnu++14";
				CLANG_CXX_LIBRARY = "libc++";
				CLANG_ENABLE_MODULES = YES;
				CLANG_ENABLE_OBJC_ARC = YES;
				CLANG_ENABLE_OBJC_WEAK = YES;
				CLANG_WARN_BLOCK_CAPTURE_AUTORELEASING = YES;
				CLANG_WARN_BOOL_CONVERSION = YES;
				CLANG_WARN_COMMA = YES;
				CLANG_WARN_CONSTANT_CONVERSION = YES;
				CLANG_WARN_DEPRECATED_OBJC_IMPLEMENTATIONS = YES;
				CLANG_WARN_DIRECT_OBJC_ISA_USAGE = YES_ERROR;
				CLANG_WARN_DOCUMENTATION_COMMENTS = YES;
				CLANG_WARN_EMPTY_BODY = YES;
				CLANG_WARN_ENUM_CONVERSION = YES;
				CLANG_WARN_INFINITE_RECURSION = YES;
				CLANG_WARN_INT_CONVERSION = YES;
				CLANG_WARN_NON_LITERAL_NULL_CONVERSION = YES;
				CLANG_WARN_OBJC_IMPLICIT_RETAIN_SELF = YES;
				CLANG_WARN_OBJC_LITERAL_CONVERSION = YES;
				CLANG_WARN_OBJC_ROOT_CLASS = YES_ERROR;
				CLANG_WARN_RANGE_LOOP_ANALYSIS = YES;
				CLANG_WARN_STRICT_PROTOTYPES = YES;
				CLANG_WARN_SUSPICIOUS_MOVE = YES;
				CLANG_WARN_UNGUARDED_AVAILABILITY = YES_AGGRESSIVE;
				CLANG_WARN_UNREACHABLE_CODE = YES;
				CLANG_WARN__DUPLICATE_METHOD_MATCH = YES;
				CODE_SIGN_IDENTITY = "iPhone Developer";
				COPY_PHASE_STRIP = NO;
				DEBUG_INFORMATION_FORMAT = "dwarf-with-dsym";
				ENABLE_NS_ASSERTIONS = NO;
				ENABLE_STRICT_OBJC_MSGSEND = YES;
				GCC_C_LANGUAGE_STANDARD = gnu11;
				GCC_NO_COMMON_BLOCKS = YES;
				GCC_WARN_64_TO_32_BIT_CONVERSION = YES;
				GCC_WARN_ABOUT_RETURN_TYPE = YES_ERROR;
				GCC_WARN_UNDECLARED_SELECTOR = YES;
				GCC_WARN_UNINITIALIZED_AUTOS = YES_AGGRESSIVE;
				GCC_WARN_UNUSED_FUNCTION = YES;
				GCC_WARN_UNUSED_VARIABLE = YES;
				IPHONEOS_DEPLOYMENT_TARGET = 12.0;
				MTL_ENABLE_DEBUG_INFO = NO;
				MTL_FAST_MATH = YES;
				SDKROOT = iphoneos;
				SWIFT_COMPILATION_MODE = wholemodule;
				SWIFT_OPTIMIZATION_LEVEL = "-O";
				VALIDATE_PRODUCT = YES;
			};
			name = Release;
		};
		6B292176219E193A0078EE5F /* Debug */ = {
			isa = XCBuildConfiguration;
			baseConfigurationReference = 5D56638F146FB1A09BF13CEE /* Pods-phidgetsRepeat.debug.xcconfig */;
			buildSettings = {
				ASSETCATALOG_COMPILER_APPICON_NAME = AppIcon;
				CODE_SIGN_STYLE = Automatic;
				INFOPLIST_FILE = phidgetsRepeat/Info.plist;
				LD_RUNPATH_SEARCH_PATHS = (
					"$(inherited)",
					"@executable_path/Frameworks",
				);
				PRODUCT_BUNDLE_IDENTIFIER = com.lovetNguatem.phidgetsRepeat;
				PRODUCT_NAME = "$(TARGET_NAME)";
				SWIFT_VERSION = 4.2;
				TARGETED_DEVICE_FAMILY = "1,2";
			};
			name = Debug;
		};
		6B292177219E193A0078EE5F /* Release */ = {
			isa = XCBuildConfiguration;
			baseConfigurationReference = 38D096A64EF26C9C391AED09 /* Pods-phidgetsRepeat.release.xcconfig */;
			buildSettings = {
				ASSETCATALOG_COMPILER_APPICON_NAME = AppIcon;
				CODE_SIGN_STYLE = Automatic;
				INFOPLIST_FILE = phidgetsRepeat/Info.plist;
				LD_RUNPATH_SEARCH_PATHS = (
					"$(inherited)",
					"@executable_path/Frameworks",
				);
				PRODUCT_BUNDLE_IDENTIFIER = com.lovetNguatem.phidgetsRepeat;
				PRODUCT_NAME = "$(TARGET_NAME)";
				SWIFT_VERSION = 4.2;
				TARGETED_DEVICE_FAMILY = "1,2";
			};
			name = Release;
		};
/* End XCBuildConfiguration section */

/* Begin XCConfigurationList section */
		6B29215B219E19390078EE5F /* Build configuration list for PBXProject "phidgetsRepeat" */ = {
			isa = XCConfigurationList;
			buildConfigurations = (
				6B292173219E193A0078EE5F /* Debug */,
				6B292174219E193A0078EE5F /* Release */,
			);
			defaultConfigurationIsVisible = 0;
			defaultConfigurationName = Release;
		};
		6B292175219E193A0078EE5F /* Build configuration list for PBXNativeTarget "phidgetsRepeat" */ = {
			isa = XCConfigurationList;
			buildConfigurations = (
				6B292176219E193A0078EE5F /* Debug */,
				6B292177219E193A0078EE5F /* Release */,
			);
			defaultConfigurationIsVisible = 0;
			defaultConfigurationName = Release;
		};
/* End XCConfigurationList section */

/* Begin XCVersionGroup section */
		6B29216A219E19390078EE5F /* phidgetsRepeat.xcdatamodeld */ = {
			isa = XCVersionGroup;
			children = (
				6B29216B219E19390078EE5F /* phidgetsRepeat.xcdatamodel */,
			);
			currentVersion = 6B29216B219E19390078EE5F /* phidgetsRepeat.xcdatamodel */;
			path = phidgetsRepeat.xcdatamodeld;
			sourceTree = "<group>";
			versionGroupType = wrapper.xcdatamodel;
		};
/* End XCVersionGroup section */
	};
	rootObject = 6B292158219E19390078EE5F /* Project object */;
}
